{
    "version": 3,
    "terraform_version": "0.11.8",
    "serial": 2,
    "lineage": "53e95913-c776-1795-6e9a-2831544cb8e4",
    "modules": [
        {
            "path": [
                "root"
            ],
            "outputs": {},
            "resources": {
                "aws_instance.myserver": {
                    "type": "aws_instance",
                    "depends_on": [],
                    "primary": {
                        "id": "i-0a4cdce90b08cfddd",
                        "attributes": {
                            "ami": "ami-0f618b9e1a1617258",
                            "arn": "arn:aws:ec2:ap-northeast-2:147830020014:instance/i-0a4cdce90b08cfddd",
                            "associate_public_ip_address": "true",
                            "availability_zone": "ap-northeast-2a",
                            "cpu_core_count": "1",
                            "cpu_threads_per_core": "2",
                            "credit_specification.#": "1",
                            "credit_specification.0.cpu_credits": "unlimited",
                            "disable_api_termination": "false",
                            "ebs_block_device.#": "0",
                            "ebs_optimized": "false",
                            "ephemeral_block_device.#": "0",
                            "get_password_data": "false",
                            "hibernation": "false",
                            "iam_instance_profile": "",
                            "id": "i-0a4cdce90b08cfddd",
                            "instance_state": "running",
                            "instance_type": "t3.micro",
                            "ipv6_address_count": "0",
                            "ipv6_addresses.#": "0",
                            "key_name": "EffectiveDevOpsAWS",
                            "metadata_options.#": "1",
                            "metadata_options.0.http_endpoint": "enabled",
                            "metadata_options.0.http_put_response_hop_limit": "1",
                            "metadata_options.0.http_tokens": "optional",
                            "monitoring": "false",
                            "network_interface.#": "0",
                            "outpost_arn": "",
                            "password_data": "",
                            "placement_group": "",
                            "primary_network_interface_id": "eni-0d3c6049044d28fb2",
                            "private_dns": "ip-10-35-11-203.ap-northeast-2.compute.internal",
                            "private_ip": "10.35.11.203",
                            "public_dns": "",
                            "public_ip": "15.165.235.50",
                            "root_block_device.#": "1",
                            "root_block_device.0.delete_on_termination": "true",
                            "root_block_device.0.device_name": "/dev/xvda",
                            "root_block_device.0.encrypted": "false",
                            "root_block_device.0.iops": "100",
                            "root_block_device.0.kms_key_id": "",
                            "root_block_device.0.volume_id": "vol-01e860094952dfb69",
                            "root_block_device.0.volume_size": "8",
                            "root_block_device.0.volume_type": "gp2",
                            "security_groups.#": "0",
                            "source_dest_check": "true",
                            "subnet_id": "subnet-09b996a929c54feb7",
                            "tags.%": "1",
                            "tags.Name": "Helloworld",
                            "tenancy": "default",
                            "volume_tags.%": "0",
                            "vpc_security_group_ids.#": "1",
                            "vpc_security_group_ids.4272479737": "sg-0d270c0f2bfc9f968"
                        },
                        "meta": {
                            "e2bfb730-ecaa-11e6-8f88-34363bc7c4c0": {
                                "create": 600000000000,
                                "delete": 1200000000000,
                                "update": 600000000000
                            },
                            "schema_version": "1"
                        },
                        "tainted": false
                    },
                    "deposed": [],
                    "provider": "provider.aws"
                }
            },
            "depends_on": []
        }
    ]
}
